
Microsoft Visual Studio Solution File, Format Version 12.00
# Visual Studio Version 16
VisualStudioVersion = 16.0.30611.23
MinimumVisualStudioVersion = 10.0.40219.1
Project("{FAE04EC0-301F-11D3-BF4B-00C04F79EFBC}") = "ica04", "ica04\ica04.csproj", "{624D23AC-D662-488D-81B7-27308EFC0544}"
EndProject
Global
	GlobalSection(SolutionConfigurationPlatforms) = preSolution
		Debug|Any CPU = Debug|Any CPU
		Release|Any CPU = Release|Any CPU
	EndGlobalSection
	GlobalSection(ProjectConfigurationPlatforms) = postSolution
		{624D23AC-D662-488D-81B7-27308EFC0544}.Debug|Any CPU.ActiveCfg = Debug|Any CPU
		{624D23AC-D662-488D-81B7-27308EFC0544}.Debug|Any CPU.Build.0 = Debug|Any CPU
		{624D23AC-D662-488D-81B7-27308EFC0544}.Release|Any CPU.ActiveCfg = Release|Any CPU
		{624D23AC-D662-488D-81B7-27308EFC0544}.Release|Any CPU.Build.0 = Release|Any CPU
	EndGlobalSection
	GlobalSection(SolutionProperties) = preSolution
		HideSolutionNode = FALSE
	EndGlobalSection
	GlobalSection(ExtensibilityGlobals) = postSolution
		SolutionGuid = {8BE462A8-9A6B-4D97-A131-2CEBAA7E1978}
	EndGlobalSection
	GlobalSection(SubversionScc) = preSolution
		Svn-Managed = True
		Manager = AnkhSVN2019 - Subversion Support for Visual Studio
	EndGlobalSection
EndGlobal
